
Microsoft Visual Studio Solution File, Format Version 12.00
# Visual Studio 15
Project("{2150E333-8FDC-42A3-9474-1A3956D46DE8}") = "Dependencies", "Dependencies", "{53E47842-3FC8-3998-A828-34EB942B241A}"
EndProject
Project("{8BC9CEB8-8B4A-11D0-8D11-00A0C91BC942}") = "CImGuiShared", "..\cimgui\build\CImGuiShared\CImGuiShared.vcxproj", "{7A80AD8C-66E3-3C31-0F69-75E7FBAA08B4}"
EndProject
Project("{8BC9CEB8-8B4A-11D0-8D11-00A0C91BC942}") = "CImGuiStatic", "..\cimgui\build\CImGuiStatic\CImGuiStatic.vcxproj", "{8BAF868D-7712-1632-2098-4EE80CDAE1B4}"
EndProject
Project("{8BC9CEB8-8B4A-11D0-8D11-00A0C91BC942}") = "ImGuiRenderingPlugin", "ImGuiRenderingPlugin.vcxproj", "{903625AF-7C1A-E604-E57A-E057D17DD086}"
EndProject
Global
	GlobalSection(SolutionConfigurationPlatforms) = preSolution
		Debug|x64 = Debug|x64
		Release|x64 = Release|x64
	EndGlobalSection
	GlobalSection(ProjectConfigurationPlatforms) = postSolution
		{7A80AD8C-66E3-3C31-0F69-75E7FBAA08B4}.Debug|x64.ActiveCfg = Debug|x64
		{7A80AD8C-66E3-3C31-0F69-75E7FBAA08B4}.Debug|x64.Build.0 = Debug|x64
		{7A80AD8C-66E3-3C31-0F69-75E7FBAA08B4}.Release|x64.ActiveCfg = Release|x64
		{7A80AD8C-66E3-3C31-0F69-75E7FBAA08B4}.Release|x64.Build.0 = Release|x64
		{8BAF868D-7712-1632-2098-4EE80CDAE1B4}.Debug|x64.ActiveCfg = Debug|x64
		{8BAF868D-7712-1632-2098-4EE80CDAE1B4}.Debug|x64.Build.0 = Debug|x64
		{8BAF868D-7712-1632-2098-4EE80CDAE1B4}.Release|x64.ActiveCfg = Release|x64
		{8BAF868D-7712-1632-2098-4EE80CDAE1B4}.Release|x64.Build.0 = Release|x64
		{903625AF-7C1A-E604-E57A-E057D17DD086}.Debug|x64.ActiveCfg = Debug|x64
		{903625AF-7C1A-E604-E57A-E057D17DD086}.Debug|x64.Build.0 = Debug|x64
		{903625AF-7C1A-E604-E57A-E057D17DD086}.Release|x64.ActiveCfg = Release|x64
		{903625AF-7C1A-E604-E57A-E057D17DD086}.Release|x64.Build.0 = Release|x64
	EndGlobalSection
	GlobalSection(SolutionProperties) = preSolution
		HideSolutionNode = FALSE
	EndGlobalSection
	GlobalSection(NestedProjects) = preSolution
		{7A80AD8C-66E3-3C31-0F69-75E7FBAA08B4} = {53E47842-3FC8-3998-A828-34EB942B241A}
		{8BAF868D-7712-1632-2098-4EE80CDAE1B4} = {53E47842-3FC8-3998-A828-34EB942B241A}
	EndGlobalSection
EndGlobal
