<?xml version="1.0" encoding="utf-8"?>
<Project ToolsVersion="4.0" xmlns="http://schemas.microsoft.com/developer/msbuild/2003">
  <ItemGroup>
    <Filter Include="Unity">
      <UniqueIdentifier>{BE423F0E-2A57-67BF-F3D8-0A1F5FAC63F0}</UniqueIdentifier>
    </Filter>
    <Filter Include="gl3w">
      <UniqueIdentifier>{025D977C-EE93-980D-9780-7E108396140F}</UniqueIdentifier>
    </Filter>
  </ItemGroup>
  <ItemGroup>
    <ClInclude Include="ImGuiShader.h" />
    <ClInclude Include="PlatformBase.h" />
    <ClInclude Include="RenderAPI.h" />
    <ClInclude Include="Unity\IUnityGraphics.h">
      <Filter>Unity</Filter>
    </ClInclude>
    <ClInclude Include="Unity\IUnityGraphicsD3D11.h">
      <Filter>Unity</Filter>
    </ClInclude>
    <ClInclude Include="Unity\IUnityGraphicsD3D12.h">
      <Filter>Unity</Filter>
    </ClInclude>
    <ClInclude Include="Unity\IUnityGraphicsD3D9.h">
      <Filter>Unity</Filter>
    </ClInclude>
    <ClInclude Include="Unity\IUnityGraphicsMetal.h">
      <Filter>Unity</Filter>
    </ClInclude>
    <ClInclude Include="Unity\IUnityGraphicsVulkan.h">
      <Filter>Unity</Filter>
    </ClInclude>
    <ClInclude Include="Unity\IUnityInterface.h">
      <Filter>Unity</Filter>
    </ClInclude>
    <ClInclude Include="gl3w\gl3w.h">
      <Filter>gl3w</Filter>
    </ClInclude>
    <ClInclude Include="gl3w\glcorearb.h">
      <Filter>gl3w</Filter>
    </ClInclude>
  </ItemGroup>
  <ItemGroup>
    <ClCompile Include="RenderAPI.cpp" />
    <ClCompile Include="RenderAPI_D3D11.cpp" />
    <ClCompile Include="RenderAPI_D3D12.cpp" />
    <ClCompile Include="RenderAPI_OpenGLCoreES.cpp" />
    <ClCompile Include="RenderAPI_Vulkan.cpp" />
    <ClCompile Include="RenderingPlugin.cpp" />
    <ClCompile Include="gl3w\gl3w.c">
      <Filter>gl3w</Filter>
    </ClCompile>
  </ItemGroup>
</Project>